{
    "_readme": [
        "This file locks the dependencies of your project to a known state",
        "Read more about it at https://getcomposer.org/doc/01-basic-usage.md#composer-lock-the-lock-file",
        "This file is @generated automatically"
    ],
    "hash": "41f72ba31ed017a39ad2a7cfc9a9c397",
    "content-hash": "83c6cd8e3c3a82cae617a7bbb56fb923",
    "packages": [
        {
            "name": "bixie/formmaker",
            "version": "1.3.2",
            "dist": {
                "type": "zip",
                "url": "https://pagekit.com/package/bixie/formmaker/1.3.2.zip",
                "reference": null,
                "shasum": ""
            },
            "require": {
                "google/recaptcha": "~1.1"
            },
            "type": "pagekit-extension",
            "extra": {
                "icon": "icon.svg",
                "scripts": "scripts.php"
            },
            "license": [
                "MIT"
            ],
            "authors": [
                {
                    "name": "Bixie",
                    "email": "info@bixie.org",
                    "homepage": "http://formmaker.bixie.org"
                }
            ],
            "description": "Create forms in your Pagekit site. Build forms and manage the submissions."
        },
        {
            "name": "google/recaptcha",
            "version": "1.1.2",
            "source": {
                "type": "git",
                "url": "https://github.com/google/recaptcha.git",
                "reference": "2b7e00566afca82a38a1d3adb8e42c118006296e"
            },
            "dist": {
                "type": "zip",
                "url": "https://api.github.com/repos/google/recaptcha/zipball/2b7e00566afca82a38a1d3adb8e42c118006296e",
                "reference": "2b7e00566afca82a38a1d3adb8e42c118006296e",
                "shasum": ""
            },
            "require": {
                "php": ">=5.3.2"
            },
            "require-dev": {
                "phpunit/phpunit": "4.5.*"
            },
            "type": "library",
            "extra": {
                "branch-alias": {
                    "dev-master": "1.1.x-dev"
                }
            },
            "autoload": {
                "psr-4": {
                    "ReCaptcha\\": "src/ReCaptcha"
                }
            },
            "notification-url": "https://packagist.org/downloads/",
            "license": [
                "BSD-3-Clause"
            ],
            "description": "Client library for reCAPTCHA, a free service that protect websites from spam and abuse.",
            "homepage": "http://www.google.com/recaptcha/",
            "keywords": [
                "Abuse",
                "captcha",
                "recaptcha",
                "spam"
            ],
            "time": "2015-09-02 17:23:59"
        },
        {
            "name": "pagekit/analytics",
            "version": "0.10.0",
            "dist": {
                "type": "zip",
                "url": "https://pagekit.com/package/pagekit/analytics/0.10.0.zip",
                "reference": null,
                "shasum": "70d153cf253e6d5dfcb495225a223c7896de8186"
            },
            "archive": {
                "exclude": [
                    "node_modules",
                    "!/app"
                ]
            },
            "type": "pagekit-extension",
            "extra": {
                "icon": "icon.svg",
                "scripts": "scripts.php"
            },
            "license": [
                "MIT"
            ],
            "authors": [
                {
                    "name": "Pagekit",
                    "email": "info@pagekit.com",
                    "homepage": "http://pagekit.com"
                }
            ],
            "description": "An analytics extension for your dashboard."
        },
        {
            "name": "pagekit/blog",
            "version": "0.10.1",
            "dist": {
                "type": "zip",
                "url": "https://pagekit.com/package/pagekit/blog/0.10.1.zip",
                "reference": null,
                "shasum": "4b380289e8aacd600b56f9c818744431266618f0"
            },
            "archive": {
                "exclude": [
                    "node_modules"
                ]
            },
            "type": "pagekit-extension",
            "extra": {
                "icon": "icon.svg",
                "scripts": "scripts.php"
            },
            "license": [
                "MIT"
            ],
            "authors": [
                {
                    "name": "Pagekit",
                    "email": "info@pagekit.com",
                    "homepage": "http://pagekit.com"
                }
            ],
            "description": "A blog extensions with a built-in comment system."
        },
        {
            "name": "pagekit/hello",
            "version": "0.10.0",
            "dist": {
                "type": "zip",
                "url": "https://pagekit.com/package/pagekit/hello/0.10.0.zip",
                "reference": null,
                "shasum": "a8ce41f5836c2c518f68ca19be4b7a3ab444c452"
            },
            "archive": {
                "exclude": [
                    "node_modules"
                ]
            },
            "type": "pagekit-extension",
            "extra": {
                "icon": "icon.svg",
                "scripts": "scripts.php"
            },
            "license": [
                "MIT"
            ],
            "authors": [
                {
                    "name": "Pagekit",
                    "email": "info@pagekit.com",
                    "homepage": "http://pagekit.com"
                }
            ],
            "description": "A blueprint to develop your own extensions."
        },
        {
            "name": "pagekit/theme-one",
            "version": "0.10.0",
            "dist": {
                "type": "zip",
                "url": "https://pagekit.com/package/pagekit/theme-one/0.10.0.zip",
                "reference": null,
                "shasum": "cdb96a3f6e508577fa695063143091c91107004c"
            },
            "archive": {
                "exclude": [
                    "!/css"
                ]
            },
            "type": "pagekit-theme",
            "extra": {
                "image": "image.jpg"
            },
            "license": [
                "MIT"
            ],
            "authors": [
                {
                    "name": "Pagekit",
                    "email": "info@pagekit.com",
                    "homepage": "http://pagekit.com"
                }
            ],
            "description": "Pagekit's default theme."
        }
    ],
    "packages-dev": [],
    "aliases": [],
    "minimum-stability": "stable",
    "stability-flags": [],
    "prefer-stable": false,
    "prefer-lowest": false,
    "platform": [],
    "platform-dev": []
}
